dependencies:
- name: mariadb
  repository: https://charts.bitnami.com/bitnami
  version: 24.1.1
- name: cert-manager
  repository: https://charts.jetstack.io
  version: v1.19.3
digest: sha256:dedc4fe64102ad01f78f2e0d93cfaffbd7838d7003472cf2e5d67e78590bee9a
generated: "2026-02-16T18:22:17.714365+01:00"
